{
    "_readme": [
        "This file locks the dependencies of your project to a known state",
        "Read more about it at https://getcomposer.org/doc/01-basic-usage.md#composer-lock-the-lock-file",
        "This file is @generated automatically"
    ],
    "content-hash": "7b0ef4459599e548728c19b1ccb4d570",
    "packages": [
        {
            "name": "izniburak/router",
            "version": "v1.4.1",
            "source": {
                "type": "git",
                "url": "https://github.com/izniburak/php-router.git",
                "reference": "d19e5e8ead742e1bb31fae1fbe7b8c72354727c3"
            },
            "dist": {
                "type": "zip",
                "url": "https://api.github.com/repos/izniburak/php-router/zipball/d19e5e8ead742e1bb31fae1fbe7b8c72354727c3",
                "reference": "d19e5e8ead742e1bb31fae1fbe7b8c72354727c3",
                "shasum": ""
            },
            "require": {
                "php": ">=5.4.0"
            },
            "require-dev": {
                "guzzlehttp/guzzle": "^5.3",
                "phpunit/phpunit": "^4.8 || ^5.7 || ^6.5 || ^7.0"
            },
            "type": "library",
            "autoload": {
                "psr-4": {
                    "Buki\\": "src"
                }
            },
            "notification-url": "https://packagist.org/downloads/",
            "license": [
                "MIT"
            ],
            "authors": [
                {
                    "name": "İzni Burak Demirtaş",
                    "email": "info@burakdemirtas.org",
                    "homepage": "http://burakdemirtas.org"
                }
            ],
            "description": "simple router class for php",
            "homepage": "https://github.com/izniburak/php-router",
            "keywords": [
                "Simple",
                "php",
                "route",
                "router"
            ],
            "time": "2019-07-18T21:00:07+00:00"
        }
    ],
    "packages-dev": [],
    "aliases": [],
    "minimum-stability": "stable",
    "stability-flags": [],
    "prefer-stable": false,
    "prefer-lowest": false,
    "platform": [],
    "platform-dev": []
}
